{
  "version": 1,
  "dependencies": {
    "net10.0-windows7.0": {
      "DalamudPackager": {
        "type": "Direct",
        "requested": "[15.0.0, )",
        "resolved": "15.0.0",
        "contentHash": "411vwC8/X8Z/sQ2TI6v3SvOn66xFPeOjFn3Zn+h0d3Ox2t1kFm66AhDvmx/qcMwVrR+Hidxj0dadpQ2dgyXMBQ=="
      },
      "DotNet.ReproducibleBuilds": {
        "type": "Direct",
        "requested": "[1.2.39, )",
        "resolved": "1.2.39",
        "contentHash": "fcFN01tDTIQqDuTwr1jUQK/geofiwjG5DycJQOnC72i1SsLAk1ELe+apBOuZ11UMQG8YKFZG1FgvjZPbqHyatg=="
      },
      "ECommons": {
        "type": "Direct",
        "requested": "[3.2.1.17, )",
        "resolved": "3.2.1.17",
        "contentHash": "gIjvCFzqJApeyncqDegjvs2QFAVoXuwkrfFimhXWhu6x8zAloh8Wyu1Qu8BSym79HuTu4v5/U/HhNqkFy6uwoA=="
      },
      "Microsoft.AspNetCore.SignalR.Client": {
        "type": "Direct",
        "requested": "[10.0.0, )",
        "resolved": "10.0.0",
        "contentHash": "XHPNPLqPX7CVJ5JuaumTP58sAVrQG4TqFKLFOtN1mZIwgEUHKwtDeMwL0G8dIvy9zcpi7os4CYAHvA1bUUTzVw==",
        "dependencies": {
          "Microsoft.AspNetCore.Http.Connections.Client": "10.0.0",
          "Microsoft.AspNetCore.SignalR.Client.Core": "10.0.0"
        }
      },
      "NAudio.WinMM": {
        "type": "Direct",
        "requested": "[3.0.0, )",
        "resolved": "3.0.0",
        "contentHash": "RfBlBk0KPNQx3OUcZtxbqhaz0sKMVTcntBtIHZYfePMA7CjawePHR4xpH+lKoVnWxppPxoAk0Bf8k1fE30RuAQ==",
        "dependencies": {
          "NAudio.Core": "3.0.0",
          "NAudio.Midi": "3.0.0"
        }
      },
      "NVorbis": {
        "type": "Direct",
        "requested": "[0.10.5, )",
        "resolved": "0.10.5",
        "contentHash": "o+IptCG4Avze39HrGeztC+xIp6fOOwGVAwkoa1J++4Ji1WmZ+KIKlFl5wsgxsXqBkmdpfs/vFSUproiLKYa2bw=="
      },
      "System.Security.Cryptography.ProtectedData": {
        "type": "Direct",
        "requested": "[10.0.0, )",
        "resolved": "10.0.0",
        "contentHash": "qy6C3gQRTrfhFfuiIYU1jNwWfFdJpBVo1BARW7jgMm1zTEm3LRzLLyOLJGaAuKE+nZCGkEP71y4rj9NWjqLGdQ=="
      },
      "Microsoft.AspNetCore.Connections.Abstractions": {
        "type": "Transitive",
        "resolved": "10.0.0",
        "contentHash": "MPXDzUknemj+sCL/LYOLvU/qIX3o9zCJtKXu9jcwNMQiOvwuv75lV20p3qGENA/ynTH7hOPFqDUEGBT30IvhEA==",
        "dependencies": {
          "Microsoft.Extensions.Features": "10.0.0"
        }
      },
      "Microsoft.AspNetCore.Http.Connections.Client": {
        "type": "Transitive",
        "resolved": "10.0.0",
        "contentHash": "7nSER+de0V6mWTcdUqBJZlm1XMz+Y2mTHzL3B/msVF+JfSXXZtKNVC18TI7AeSz4PD//b5qpy8n0RQEIVByfJw==",
        "dependencies": {
          "Microsoft.AspNetCore.Http.Connections.Common": "10.0.0",
          "Microsoft.Extensions.Logging.Abstractions": "10.0.0",
          "Microsoft.Extensions.Options": "10.0.0"
        }
      },
      "Microsoft.AspNetCore.Http.Connections.Common": {
        "type": "Transitive",
        "resolved": "10.0.0",
        "contentHash": "VaEGwazymaL4NB+JoAdvM/IaFg5IIg1WXtVgKmD/y3Et2qnPxolAlMXYJrI8k1EPjmoIcXQZHTj47MskRRyRIA==",
        "dependencies": {
          "Microsoft.AspNetCore.Connections.Abstractions": "10.0.0"
        }
      },
      "Microsoft.AspNetCore.SignalR.Client.Core": {
        "type": "Transitive",
        "resolved": "10.0.0",
        "contentHash": "MrXjT7YNV0e1Jb3Hai6kX/Ot7X2SlONHv5IC5XNGeycTTLu3qitJ7DXZUsPPZs6yanWIOsIKjPEY58ARHdRKGg==",
        "dependencies": {
          "Microsoft.AspNetCore.SignalR.Common": "10.0.0",
          "Microsoft.AspNetCore.SignalR.Protocols.Json": "10.0.0",
          "Microsoft.Extensions.DependencyInjection": "10.0.0",
          "Microsoft.Extensions.Logging": "10.0.0"
        }
      },
      "Microsoft.AspNetCore.SignalR.Common": {
        "type": "Transitive",
        "resolved": "10.0.0",
        "contentHash": "pyG6FLV4/EeOQeZ30ra4aUYycJQPT/9ddB91aplMKwEGT5KbEs//WMqMObVGvDREP508EB4QUAKzacSVi30nxw==",
        "dependencies": {
          "Microsoft.AspNetCore.Connections.Abstractions": "10.0.0",
          "Microsoft.Extensions.Options": "10.0.0"
        }
      },
      "Microsoft.AspNetCore.SignalR.Protocols.Json": {
        "type": "Transitive",
        "resolved": "10.0.0",
        "contentHash": "L++SCI4pcG9uo7HTzAFTX33BsZFDHCdukJIK+/S4tgH/kcJlPTp9QS96E4zgOuzXRDrzaunwbFSS2DElTmWGRA==",
        "dependencies": {
          "Microsoft.AspNetCore.SignalR.Common": "10.0.0"
        }
      },
      "Microsoft.Extensions.DependencyInjection": {
        "type": "Transitive",
        "resolved": "10.0.0",
        "contentHash": "f0RBabswJq+gRu5a+hWIobrLWiUYPKMhCD9WO3sYBAdSy3FFH14LMvLVFZc2kPSCimBLxSuitUhsd6tb0TAY6A==",
        "dependencies": {
          "Microsoft.Extensions.DependencyInjection.Abstractions": "10.0.0"
        }
      },
      "Microsoft.Extensions.DependencyInjection.Abstractions": {
        "type": "Transitive",
        "resolved": "10.0.0",
        "contentHash": "L3AdmZ1WOK4XXT5YFPEwyt0ep6l8lGIPs7F5OOBZc77Zqeo01Of7XXICy47628sdVl0v/owxYJTe86DTgFwKCA=="
      },
      "Microsoft.Extensions.Features": {
        "type": "Transitive",
        "resolved": "10.0.0",
        "contentHash": "kCFjPpfvz0K00xIpe7wJKre1gFJdNIu9+1BYJLklu3GWb+uU4HIjza0uMBQeFGZws9VJos9LeO+PUfvGcre+9g=="
      },
      "Microsoft.Extensions.Logging": {
        "type": "Transitive",
        "resolved": "10.0.0",
        "contentHash": "BStFkd5CcnEtarlcgYDBcFzGYCuuNMzPs02wN3WBsOFoYIEmYoUdAiU+au6opzoqfTYJsMTW00AeqDdnXH2CvA==",
        "dependencies": {
          "Microsoft.Extensions.DependencyInjection": "10.0.0",
          "Microsoft.Extensions.Logging.Abstractions": "10.0.0",
          "Microsoft.Extensions.Options": "10.0.0"
        }
      },
      "Microsoft.Extensions.Logging.Abstractions": {
        "type": "Transitive",
        "resolved": "10.0.0",
        "contentHash": "FU/IfjDfwaMuKr414SSQNTIti/69bHEMb+QKrskRb26oVqpx3lNFXMjs/RC9ZUuhBhcwDM2BwOgoMw+PZ+beqQ==",
        "dependencies": {
          "Microsoft.Extensions.DependencyInjection.Abstractions": "10.0.0"
        }
      },
      "Microsoft.Extensions.Options": {
        "type": "Transitive",
        "resolved": "10.0.0",
        "contentHash": "8oCAgXOow5XDrY9HaXX1QmH3ORsyZO/ANVHBlhLyCeWTH5Sg4UuqZeOTWJi6484M+LqSx0RqQXDJtdYy2BNiLQ==",
        "dependencies": {
          "Microsoft.Extensions.DependencyInjection.Abstractions": "10.0.0",
          "Microsoft.Extensions.Primitives": "10.0.0"
        }
      },
      "Microsoft.Extensions.Primitives": {
        "type": "Transitive",
        "resolved": "10.0.0",
        "contentHash": "inRnbpCS0nwO/RuoZIAqxQUuyjaknOOnCEZB55KSMMjRhl0RQDttSmLSGsUJN3RQ3ocf5NDLFd2mOQViHqMK5w=="
      },
      "NAudio.Core": {
        "type": "Transitive",
        "resolved": "3.0.0",
        "contentHash": "uEX5xkjbUQ3w8XVuqcX1iMRr0avhOdn2WFiPL2X/kF72anSJSgdLhpkxCxr6N1hQr+hWx1L5lNJJeg0sh6xBiw==",
        "dependencies": {
          "System.Numerics.Tensors": "9.0.0"
        }
      },
      "NAudio.Midi": {
        "type": "Transitive",
        "resolved": "3.0.0",
        "contentHash": "h3VjMTBoBAOw63W7mMrv1kHdRQZkuayTpYrUsusUolORkmgfFiMg8eM4VHwgMBcOgm14997B/r7EojavMBu6CQ==",
        "dependencies": {
          "NAudio.Core": "3.0.0"
        }
      },
      "System.Numerics.Tensors": {
        "type": "Transitive",
        "resolved": "9.0.0",
        "contentHash": "hyJB4UlpAi19Xr9AXzu2NuagKC4lPfHObNMEAA0HmqFz2rX7wKgzeYzO/jM/eBHDhnUGFFEjk5cOoJaxqg5J4A=="
      },
      "catsino.plugin.contracts": {
        "type": "Project"
      }
    }
  }
}